
Microsoft Visual Studio Solution File, Format Version 12.00
# Visual Studio Version 17
VisualStudioVersion = 17.8.34525.116
MinimumVisualStudioVersion = 10.0.40219.1
Project("{9A19103F-16F7-4668-BE54-9A1E7A4F7556}") = "HubFile", "HubFile.csproj", "{98ECF28E-870C-4781-AE04-974B41E4B93A}"
EndProject
Global
	GlobalSection(SolutionConfigurationPlatforms) = preSolution
		Debug|Any CPU = Debug|Any CPU
		Release|Any CPU = Release|Any CPU
	EndGlobalSection
	GlobalSection(ProjectConfigurationPlatforms) = postSolution
		{98ECF28E-870C-4781-AE04-974B41E4B93A}.Debug|Any CPU.ActiveCfg = Debug|Any CPU
		{98ECF28E-870C-4781-AE04-974B41E4B93A}.Debug|Any CPU.Build.0 = Debug|Any CPU
		{98ECF28E-870C-4781-AE04-974B41E4B93A}.Release|Any CPU.ActiveCfg = Release|Any CPU
		{98ECF28E-870C-4781-AE04-974B41E4B93A}.Release|Any CPU.Build.0 = Release|Any CPU
	EndGlobalSection
	GlobalSection(SolutionProperties) = preSolution
		HideSolutionNode = FALSE
	EndGlobalSection
	GlobalSection(ExtensibilityGlobals) = postSolution
		SolutionGuid = {1433FA99-FB84-452D-82E0-FA0C35D99A2E}
	EndGlobalSection
EndGlobal
